
Microsoft Visual Studio Solution File, Format Version 12.00
# Visual Studio 14
VisualStudioVersion = 14.0.25123.0
MinimumVisualStudioVersion = 10.0.40219.1
Project("{FAE04EC0-301F-11D3-BF4B-00C04F79EFBC}") = "LocalizationManager", "LocalizationManager\LocalizationManager.csproj", "{56AC2B57-C4FE-4CFF-A25E-4BFE7F39282C}"
EndProject
Global
	GlobalSection(SolutionConfigurationPlatforms) = preSolution
		Debug|Any CPU = Debug|Any CPU
		Release|Any CPU = Release|Any CPU
	EndGlobalSection
	GlobalSection(ProjectConfigurationPlatforms) = postSolution
		{56AC2B57-C4FE-4CFF-A25E-4BFE7F39282C}.Debug|Any CPU.ActiveCfg = Debug|Any CPU
		{56AC2B57-C4FE-4CFF-A25E-4BFE7F39282C}.Debug|Any CPU.Build.0 = Debug|Any CPU
		{56AC2B57-C4FE-4CFF-A25E-4BFE7F39282C}.Release|Any CPU.ActiveCfg = Release|Any CPU
		{56AC2B57-C4FE-4CFF-A25E-4BFE7F39282C}.Release|Any CPU.Build.0 = Release|Any CPU
	EndGlobalSection
	GlobalSection(SolutionProperties) = preSolution
		HideSolutionNode = FALSE
	EndGlobalSection
EndGlobal
